{
  "name": "3D",
  "version": "1.0.0",
  "lockfileVersion": 1,
  "requires": true,
  "dependencies": {
    "@sindresorhus/is": {
      "version": "0.14.0",
      "resolved": "https://makerbot.jfrog.io/makerbot/api/npm/npm/@sindresorhus/is/-/is-0.14.0.tgz",
      "integrity": "sha1-n7OjzzEyMoFR81PeRjLgHlIQK+o="
    },
    "@szmarczak/http-timer": {
      "version": "1.1.2",
      "resolved": "https://makerbot.jfrog.io/makerbot/api/npm/npm/@szmarczak/http-timer/-/http-timer-1.1.2.tgz",
      "integrity": "sha1-sWZeLEYaLNkvTBu/UNVFTeDUtCE=",
      "requires": {
        "defer-to-connect": "1.0.2"
      }
    },
    "almost-equal": {
      "version": "1.1.0",
      "resolved": "https://makerbot.jfrog.io/makerbot/api/npm/npm/almost-equal/-/almost-equal-1.1.0.tgz",
      "integrity": "sha1-+FHGMROHV5lCdqou++jfowZszN0="
    },
    "bezier-easing": {
      "version": "2.1.0",
      "resolved": "https://makerbot.jfrog.io/makerbot/api/npm/npm/bezier-easing/-/bezier-easing-2.1.0.tgz",
      "integrity": "sha1-wE3+i5JtbsrKGBPWn/F5t8ICXYY="
    },
    "cacheable-request": {
      "version": "6.0.0",
      "resolved": "https://makerbot.jfrog.io/makerbot/api/npm/npm/cacheable-request/-/cacheable-request-6.0.0.tgz",
      "integrity": "sha1-ShcnQU4CrEr4JWDE2hth2qP6K2M=",
      "requires": {
        "clone-response": "1.0.2",
        "get-stream": "4.1.0",
        "http-cache-semantics": "4.0.3",
        "keyv": "3.1.0",
        "lowercase-keys": "1.0.1",
        "normalize-url": "3.3.0",
        "responselike": "1.0.2"
      }
    },
    "canvas-sketch": {
      "version": "0.3.1",
      "resolved": "https://makerbot.jfrog.io/makerbot/api/npm/npm/canvas-sketch/-/canvas-sketch-0.3.1.tgz",
      "integrity": "sha1-cJwc2ArKGo8OjxFxVshY7tB1aqU=",
      "requires": {
        "convert-length": "1.0.1",
        "dateformat": "3.0.3",
        "deep-equal": "1.0.1",
        "get-canvas-context": "1.0.2",
        "is-class": "0.0.5",
        "is-dom": "1.0.9",
        "is-promise": "2.1.0",
        "object-assign": "4.1.1",
        "pad-left": "2.1.0",
        "right-now": "1.0.0"
      }
    },
    "canvas-sketch-util": {
      "version": "1.8.0",
      "resolved": "https://makerbot.jfrog.io/makerbot/api/npm/npm/canvas-sketch-util/-/canvas-sketch-util-1.8.0.tgz",
      "integrity": "sha1-PDfEw0+bkQcgyuE//lcDo1PLvOc=",
      "requires": {
        "almost-equal": "1.1.0",
        "color-luminance": "2.1.0",
        "convert-length": "1.0.1",
        "defined": "1.0.0",
        "float-hsl2rgb": "1.0.2",
        "float-rgb2hsl": "1.0.1",
        "lineclip": "1.1.5",
        "parse-color": "1.0.0",
        "primitive-quad": "2.0.0",
        "regl": "1.3.11",
        "seed-random": "2.2.0",
        "simplex-noise": "2.4.0"
      }
    },
    "clone-response": {
      "version": "1.0.2",
      "resolved": "https://makerbot.jfrog.io/makerbot/api/npm/npm/clone-response/-/clone-response-1.0.2.tgz",
      "integrity": "sha1-0dyXOSAxTfZ/vrlCI7TuNQI56Ws=",
      "requires": {
        "mimic-response": "1.0.1"
      }
    },
    "color-convert": {
      "version": "0.5.3",
      "resolved": "https://makerbot.jfrog.io/makerbot/api/npm/npm/color-convert/-/color-convert-0.5.3.tgz",
      "integrity": "sha1-vbbGnOZg+t/+CwAHzER+G59ygr0="
    },
    "color-luminance": {
      "version": "2.1.0",
      "resolved": "https://makerbot.jfrog.io/makerbot/api/npm/npm/color-luminance/-/color-luminance-2.1.0.tgz",
      "integrity": "sha1-WP8uvTK1LQf1N47v5aDnnWsxitc="
    },
    "convert-length": {
      "version": "1.0.1",
      "resolved": "https://makerbot.jfrog.io/makerbot/api/npm/npm/convert-length/-/convert-length-1.0.1.tgz",
      "integrity": "sha1-tmx9wffRgZFmZ8l39Xvi8esXwbc=",
      "requires": {
        "defined": "1.0.0"
      }
    },
    "dateformat": {
      "version": "3.0.3",
      "resolved": "https://makerbot.jfrog.io/makerbot/api/npm/npm/dateformat/-/dateformat-3.0.3.tgz",
      "integrity": "sha1-puN0maTZqc+F71hyBE1ikByYia4="
    },
    "decompress-response": {
      "version": "3.3.0",
      "resolved": "https://makerbot.jfrog.io/makerbot/api/npm/npm/decompress-response/-/decompress-response-3.3.0.tgz",
      "integrity": "sha1-gKTdMjdIOEv6JICDYirt7Jgq3/M=",
      "requires": {
        "mimic-response": "1.0.1"
      }
    },
    "deep-equal": {
      "version": "1.0.1",
      "resolved": "https://makerbot.jfrog.io/makerbot/api/npm/npm/deep-equal/-/deep-equal-1.0.1.tgz",
      "integrity": "sha1-9dJgKStmDghO/0zbyfCK0yR0SLU="
    },
    "defer-to-connect": {
      "version": "1.0.2",
      "resolved": "https://makerbot.jfrog.io/makerbot/api/npm/npm/defer-to-connect/-/defer-to-connect-1.0.2.tgz",
      "integrity": "sha1-S651ijFLA0rjOQK1qsJajdaoYz4="
    },
    "defined": {
      "version": "1.0.0",
      "resolved": "https://makerbot.jfrog.io/makerbot/api/npm/npm/defined/-/defined-1.0.0.tgz",
      "integrity": "sha1-yY2bzvdWdBiOEQlpFRGZ45sfppM="
    },
    "duplexer3": {
      "version": "0.1.4",
      "resolved": "https://makerbot.jfrog.io/makerbot/api/npm/npm/duplexer3/-/duplexer3-0.1.4.tgz",
      "integrity": "sha1-7gHdHKwO08vH/b6jfcCo8c4ALOI="
    },
    "eases": {
      "version": "1.0.8",
      "resolved": "https://makerbot.jfrog.io/makerbot/api/npm/npm/eases/-/eases-1.0.8.tgz",
      "integrity": "sha1-8fUGmmtu0upRD5xhEDmNY+/pruY="
    },
    "end-of-stream": {
      "version": "1.4.1",
      "resolved": "https://makerbot.jfrog.io/makerbot/api/npm/npm/end-of-stream/-/end-of-stream-1.4.1.tgz",
      "integrity": "sha1-7SljTRm6ukY7bOa4CjchPqtx7EM=",
      "requires": {
        "once": "1.4.0"
      }
    },
    "float-hsl2rgb": {
      "version": "1.0.2",
      "resolved": "https://makerbot.jfrog.io/makerbot/api/npm/npm/float-hsl2rgb/-/float-hsl2rgb-1.0.2.tgz",
      "integrity": "sha1-7PNQnECsZWfJaiBGIrDExL9DyKE="
    },
    "float-rgb2hsl": {
      "version": "1.0.1",
      "resolved": "https://makerbot.jfrog.io/makerbot/api/npm/npm/float-rgb2hsl/-/float-rgb2hsl-1.0.1.tgz",
      "integrity": "sha1-jv6qD8cm5TNjp5vz9jYIIFXBDA4="
    },
    "get-canvas-context": {
      "version": "1.0.2",
      "resolved": "https://makerbot.jfrog.io/makerbot/api/npm/npm/get-canvas-context/-/get-canvas-context-1.0.2.tgz",
      "integrity": "sha1-1ue1C8TkyGNXzTnyJkeoS3NgHpM="
    },
    "get-stream": {
      "version": "4.1.0",
      "resolved": "https://makerbot.jfrog.io/makerbot/api/npm/npm/get-stream/-/get-stream-4.1.0.tgz",
      "integrity": "sha1-wbJVV189wh1Zv8ec09K0axw6VLU=",
      "requires": {
        "pump": "3.0.0"
      }
    },
    "got": {
      "version": "9.6.0",
      "resolved": "https://makerbot.jfrog.io/makerbot/api/npm/npm/got/-/got-9.6.0.tgz",
      "integrity": "sha1-7fRefWf5lUVwXeH3u+7rEhdl7YU=",
      "requires": {
        "@sindresorhus/is": "0.14.0",
        "@szmarczak/http-timer": "1.1.2",
        "cacheable-request": "6.0.0",
        "decompress-response": "3.3.0",
        "duplexer3": "0.1.4",
        "get-stream": "4.1.0",
        "lowercase-keys": "1.0.1",
        "mimic-response": "1.0.1",
        "p-cancelable": "1.1.0",
        "to-readable-stream": "1.0.0",
        "url-parse-lax": "3.0.0"
      }
    },
    "http-cache-semantics": {
      "version": "4.0.3",
      "resolved": "https://makerbot.jfrog.io/makerbot/api/npm/npm/http-cache-semantics/-/http-cache-semantics-4.0.3.tgz",
      "integrity": "sha1-SVcEdzJ37u9uQ/mrLCx9JZ3aJcU="
    },
    "is-class": {
      "version": "0.0.5",
      "resolved": "https://makerbot.jfrog.io/makerbot/api/npm/npm/is-class/-/is-class-0.0.5.tgz",
      "integrity": "sha1-IgqEZdJPmhQggtBsfFbts5BSQW0="
    },
    "is-dom": {
      "version": "1.0.9",
      "resolved": "https://makerbot.jfrog.io/makerbot/api/npm/npm/is-dom/-/is-dom-1.0.9.tgz",
      "integrity": "sha1-SDgy1SlyBz3hK5/j9gMghw2oNw0="
    },
    "is-promise": {
      "version": "2.1.0",
      "resolved": "https://makerbot.jfrog.io/makerbot/api/npm/npm/is-promise/-/is-promise-2.1.0.tgz",
      "integrity": "sha1-eaKp7OfwlugPNtKy87wWwf9L8/o="
    },
    "json-buffer": {
      "version": "3.0.0",
      "resolved": "https://makerbot.jfrog.io/makerbot/api/npm/npm/json-buffer/-/json-buffer-3.0.0.tgz",
      "integrity": "sha1-Wx85evx11ne96Lz8Dkfh+aPZqJg="
    },
    "keyv": {
      "version": "3.1.0",
      "resolved": "https://makerbot.jfrog.io/makerbot/api/npm/npm/keyv/-/keyv-3.1.0.tgz",
      "integrity": "sha1-7MIoSG9pmR5J6UdkhaW+Ho/FxNk=",
      "requires": {
        "json-buffer": "3.0.0"
      }
    },
    "lineclip": {
      "version": "1.1.5",
      "resolved": "https://makerbot.jfrog.io/makerbot/api/npm/npm/lineclip/-/lineclip-1.1.5.tgz",
      "integrity": "sha1-K/JgZ9lDVP6r+R5CdoI221YW/RM="
    },
    "lowercase-keys": {
      "version": "1.0.1",
      "resolved": "https://makerbot.jfrog.io/makerbot/api/npm/npm/lowercase-keys/-/lowercase-keys-1.0.1.tgz",
      "integrity": "sha1-b54wtHCE2XGnyCD/FabFFnt0wm8="
    },
    "map-limit": {
      "version": "0.0.1",
      "resolved": "https://makerbot.jfrog.io/makerbot/api/npm/npm/map-limit/-/map-limit-0.0.1.tgz",
      "integrity": "sha1-63lhAxwPDo0AG/LVb6toXViCLzg=",
      "requires": {
        "once": "1.3.3"
      },
      "dependencies": {
        "once": {
          "version": "1.3.3",
          "resolved": "https://makerbot.jfrog.io/makerbot/api/npm/npm/once/-/once-1.3.3.tgz",
          "integrity": "sha1-suJhVXzkwxTsgwTz+oJmPkKXyiA=",
          "requires": {
            "wrappy": "1.0.2"
          }
        }
      }
    },
    "mimic-response": {
      "version": "1.0.1",
      "resolved": "https://makerbot.jfrog.io/makerbot/api/npm/npm/mimic-response/-/mimic-response-1.0.1.tgz",
      "integrity": "sha1-SSNTiHju9CBjy4o+OweYeBSHqxs="
    },
    "minimist": {
      "version": "1.2.0",
      "resolved": "https://makerbot.jfrog.io/makerbot/api/npm/npm/minimist/-/minimist-1.2.0.tgz",
      "integrity": "sha1-o1AIsg9BOD7sH7kU9M1d95omQoQ="
    },
    "new-array": {
      "version": "1.0.0",
      "resolved": "https://makerbot.jfrog.io/makerbot/api/npm/npm/new-array/-/new-array-1.0.0.tgz",
      "integrity": "sha1-XbxjnZYerH8an7wacUbsEvKST78="
    },
    "nice-color-palettes": {
      "version": "3.0.0",
      "resolved": "https://makerbot.jfrog.io/makerbot/api/npm/npm/nice-color-palettes/-/nice-color-palettes-3.0.0.tgz",
      "integrity": "sha1-HsMZJ8/EzopRgitrqyxkhF0YGrs=",
      "requires": {
        "got": "9.6.0",
        "map-limit": "0.0.1",
        "minimist": "1.2.0",
        "new-array": "1.0.0"
      }
    },
    "normalize-url": {
      "version": "3.3.0",
      "resolved": "https://makerbot.jfrog.io/makerbot/api/npm/npm/normalize-url/-/normalize-url-3.3.0.tgz",
      "integrity": "sha1-suHE3E98bVd0PfczpPWXjRhlBVk="
    },
    "object-assign": {
      "version": "4.1.1",
      "resolved": "https://makerbot.jfrog.io/makerbot/api/npm/npm/object-assign/-/object-assign-4.1.1.tgz",
      "integrity": "sha1-IQmtx5ZYh8/AXLvUQsrIv7s2CGM="
    },
    "once": {
      "version": "1.4.0",
      "resolved": "https://makerbot.jfrog.io/makerbot/api/npm/npm/once/-/once-1.4.0.tgz",
      "integrity": "sha1-WDsap3WWHUsROsF9nFC6753Xa9E=",
      "requires": {
        "wrappy": "1.0.2"
      }
    },
    "p-cancelable": {
      "version": "1.1.0",
      "resolved": "https://makerbot.jfrog.io/makerbot/api/npm/npm/p-cancelable/-/p-cancelable-1.1.0.tgz",
      "integrity": "sha1-0HjRWjr0CSIMiG8dmgyi5EGrJsw="
    },
    "pad-left": {
      "version": "2.1.0",
      "resolved": "https://makerbot.jfrog.io/makerbot/api/npm/npm/pad-left/-/pad-left-2.1.0.tgz",
      "integrity": "sha1-FuajstRKjhOMsIOMx8tAOk/J6ZQ=",
      "requires": {
        "repeat-string": "1.6.1"
      }
    },
    "parse-color": {
      "version": "1.0.0",
      "resolved": "https://makerbot.jfrog.io/makerbot/api/npm/npm/parse-color/-/parse-color-1.0.0.tgz",
      "integrity": "sha1-e3SLlag/A/FqlPU15S1/PZRlhhk=",
      "requires": {
        "color-convert": "0.5.3"
      }
    },
    "prepend-http": {
      "version": "2.0.0",
      "resolved": "https://makerbot.jfrog.io/makerbot/api/npm/npm/prepend-http/-/prepend-http-2.0.0.tgz",
      "integrity": "sha1-6SQ0v6XqjBn0HN/UAddBo8gZ2Jc="
    },
    "primitive-quad": {
      "version": "2.0.0",
      "resolved": "https://makerbot.jfrog.io/makerbot/api/npm/npm/primitive-quad/-/primitive-quad-2.0.0.tgz",
      "integrity": "sha1-wgmT5PlgAjiSa7UA5SkFMEPvius="
    },
    "pump": {
      "version": "3.0.0",
      "resolved": "https://makerbot.jfrog.io/makerbot/api/npm/npm/pump/-/pump-3.0.0.tgz",
      "integrity": "sha1-tKIRaBW94vTh6mAjVOjHVWUQemQ=",
      "requires": {
        "end-of-stream": "1.4.1",
        "once": "1.4.0"
      }
    },
    "regl": {
      "version": "1.3.11",
      "resolved": "https://makerbot.jfrog.io/makerbot/api/npm/npm/regl/-/regl-1.3.11.tgz",
      "integrity": "sha1-UV5Rc//cBhj5CN1OM4o0rpVV90U="
    },
    "repeat-string": {
      "version": "1.6.1",
      "resolved": "https://makerbot.jfrog.io/makerbot/api/npm/npm/repeat-string/-/repeat-string-1.6.1.tgz",
      "integrity": "sha1-jcrkcOHIirwtYA//Sndihtp15jc="
    },
    "responselike": {
      "version": "1.0.2",
      "resolved": "https://makerbot.jfrog.io/makerbot/api/npm/npm/responselike/-/responselike-1.0.2.tgz",
      "integrity": "sha1-kYcg7ztjHFZCvgaPFa3lpG9Loec=",
      "requires": {
        "lowercase-keys": "1.0.1"
      }
    },
    "right-now": {
      "version": "1.0.0",
      "resolved": "https://makerbot.jfrog.io/makerbot/api/npm/npm/right-now/-/right-now-1.0.0.tgz",
      "integrity": "sha1-bolgne69fc2vja7Mmuo5z1haCRg="
    },
    "seed-random": {
      "version": "2.2.0",
      "resolved": "https://makerbot.jfrog.io/makerbot/api/npm/npm/seed-random/-/seed-random-2.2.0.tgz",
      "integrity": "sha1-KpsZ4lCoFwmSMaW5mk2vgLf77VQ="
    },
    "simplex-noise": {
      "version": "2.4.0",
      "resolved": "https://makerbot.jfrog.io/makerbot/api/npm/npm/simplex-noise/-/simplex-noise-2.4.0.tgz",
      "integrity": "sha1-gbNFj7ItzMO8jdmpd8c3l/hvUjo="
    },
    "three": {
      "version": "0.104.0",
      "resolved": "https://makerbot.jfrog.io/makerbot/api/npm/npm/three/-/three-0.104.0.tgz",
      "integrity": "sha1-mtHaSSFTt1Oong3wZmMSFb2dkIc="
    },
    "to-readable-stream": {
      "version": "1.0.0",
      "resolved": "https://makerbot.jfrog.io/makerbot/api/npm/npm/to-readable-stream/-/to-readable-stream-1.0.0.tgz",
      "integrity": "sha1-zgqgwvPfat+FLvtASng+d8BHV3E="
    },
    "url-parse-lax": {
      "version": "3.0.0",
      "resolved": "https://makerbot.jfrog.io/makerbot/api/npm/npm/url-parse-lax/-/url-parse-lax-3.0.0.tgz",
      "integrity": "sha1-FrXK/Afb42dsGxmZF3gj1lA6yww=",
      "requires": {
        "prepend-http": "2.0.0"
      }
    },
    "wrappy": {
      "version": "1.0.2",
      "resolved": "https://makerbot.jfrog.io/makerbot/api/npm/npm/wrappy/-/wrappy-1.0.2.tgz",
      "integrity": "sha1-tSQ9jz7BqjXxNkYFvA0QNuMKtp8="
    }
  }
}
