{
  "name": "genart",
  "version": "1.0.0",
  "lockfileVersion": 1,
  "requires": true,
  "dependencies": {
    "almost-equal": {
      "version": "1.1.0",
      "resolved": "https://artifactory6.grabcad.net:443/artifactory/api/npm/npm-repo/almost-equal/-/almost-equal-1.1.0.tgz",
      "integrity": "sha1-+FHGMROHV5lCdqou++jfowZszN0="
    },
    "canvas-sketch": {
      "version": "0.3.1",
      "resolved": "https://artifactory6.grabcad.net:443/artifactory/api/npm/npm-repo/canvas-sketch/-/canvas-sketch-0.3.1.tgz",
      "integrity": "sha1-cJwc2ArKGo8OjxFxVshY7tB1aqU=",
      "requires": {
        "convert-length": "^1.0.1",
        "dateformat": "^3.0.3",
        "deep-equal": "^1.0.1",
        "get-canvas-context": "^1.0.2",
        "is-class": "0.0.5",
        "is-dom": "^1.0.9",
        "is-promise": "^2.1.0",
        "object-assign": "^4.1.1",
        "pad-left": "^2.1.0",
        "right-now": "^1.0.0"
      }
    },
    "canvas-sketch-util": {
      "version": "1.8.0",
      "resolved": "https://artifactory6.grabcad.net:443/artifactory/api/npm/npm-repo/canvas-sketch-util/-/canvas-sketch-util-1.8.0.tgz",
      "integrity": "sha1-PDfEw0+bkQcgyuE//lcDo1PLvOc=",
      "requires": {
        "almost-equal": "^1.1.0",
        "color-luminance": "^2.1.0",
        "convert-length": "^1.0.1",
        "defined": "^1.0.0",
        "float-hsl2rgb": "^1.0.2",
        "float-rgb2hsl": "^1.0.1",
        "lineclip": "^1.1.5",
        "parse-color": "^1.0.0",
        "primitive-quad": "^2.0.0",
        "regl": "^1.3.7",
        "seed-random": "^2.2.0",
        "simplex-noise": "^2.4.0"
      }
    },
    "color-convert": {
      "version": "0.5.3",
      "resolved": "https://artifactory6.grabcad.net:443/artifactory/api/npm/npm-repo/color-convert/-/color-convert-0.5.3.tgz",
      "integrity": "sha1-vbbGnOZg+t/+CwAHzER+G59ygr0="
    },
    "color-luminance": {
      "version": "2.1.0",
      "resolved": "https://artifactory6.grabcad.net:443/artifactory/api/npm/npm-repo/color-luminance/-/color-luminance-2.1.0.tgz",
      "integrity": "sha1-WP8uvTK1LQf1N47v5aDnnWsxitc="
    },
    "convert-length": {
      "version": "1.0.1",
      "resolved": "https://artifactory6.grabcad.net:443/artifactory/api/npm/npm-repo/convert-length/-/convert-length-1.0.1.tgz",
      "integrity": "sha1-tmx9wffRgZFmZ8l39Xvi8esXwbc=",
      "requires": {
        "defined": "^1.0.0"
      }
    },
    "dateformat": {
      "version": "3.0.3",
      "resolved": "https://artifactory6.grabcad.net:443/artifactory/api/npm/npm-repo/dateformat/-/dateformat-3.0.3.tgz",
      "integrity": "sha1-puN0maTZqc+F71hyBE1ikByYia4="
    },
    "deep-equal": {
      "version": "1.0.1",
      "resolved": "https://artifactory6.grabcad.net:443/artifactory/api/npm/npm-repo/deep-equal/-/deep-equal-1.0.1.tgz",
      "integrity": "sha1-9dJgKStmDghO/0zbyfCK0yR0SLU="
    },
    "defined": {
      "version": "1.0.0",
      "resolved": "https://artifactory6.grabcad.net:443/artifactory/api/npm/npm-repo/defined/-/defined-1.0.0.tgz",
      "integrity": "sha1-yY2bzvdWdBiOEQlpFRGZ45sfppM="
    },
    "float-hsl2rgb": {
      "version": "1.0.2",
      "resolved": "https://artifactory6.grabcad.net:443/artifactory/api/npm/npm-repo/float-hsl2rgb/-/float-hsl2rgb-1.0.2.tgz",
      "integrity": "sha1-7PNQnECsZWfJaiBGIrDExL9DyKE="
    },
    "float-rgb2hsl": {
      "version": "1.0.1",
      "resolved": "https://artifactory6.grabcad.net:443/artifactory/api/npm/npm-repo/float-rgb2hsl/-/float-rgb2hsl-1.0.1.tgz",
      "integrity": "sha1-jv6qD8cm5TNjp5vz9jYIIFXBDA4="
    },
    "get-canvas-context": {
      "version": "1.0.2",
      "resolved": "https://artifactory6.grabcad.net:443/artifactory/api/npm/npm-repo/get-canvas-context/-/get-canvas-context-1.0.2.tgz",
      "integrity": "sha1-1ue1C8TkyGNXzTnyJkeoS3NgHpM="
    },
    "is-class": {
      "version": "0.0.5",
      "resolved": "https://artifactory6.grabcad.net:443/artifactory/api/npm/npm-repo/is-class/-/is-class-0.0.5.tgz",
      "integrity": "sha1-IgqEZdJPmhQggtBsfFbts5BSQW0="
    },
    "is-dom": {
      "version": "1.0.9",
      "resolved": "https://artifactory6.grabcad.net:443/artifactory/api/npm/npm-repo/is-dom/-/is-dom-1.0.9.tgz",
      "integrity": "sha1-SDgy1SlyBz3hK5/j9gMghw2oNw0="
    },
    "is-promise": {
      "version": "2.1.0",
      "resolved": "https://artifactory6.grabcad.net:443/artifactory/api/npm/npm-repo/is-promise/-/is-promise-2.1.0.tgz",
      "integrity": "sha1-eaKp7OfwlugPNtKy87wWwf9L8/o="
    },
    "lineclip": {
      "version": "1.1.5",
      "resolved": "https://artifactory6.grabcad.net:443/artifactory/api/npm/npm-repo/lineclip/-/lineclip-1.1.5.tgz",
      "integrity": "sha1-K/JgZ9lDVP6r+R5CdoI221YW/RM="
    },
    "object-assign": {
      "version": "4.1.1",
      "resolved": "https://artifactory6.grabcad.net:443/artifactory/api/npm/npm-repo/object-assign/-/object-assign-4.1.1.tgz",
      "integrity": "sha1-IQmtx5ZYh8/AXLvUQsrIv7s2CGM="
    },
    "pad-left": {
      "version": "2.1.0",
      "resolved": "https://artifactory6.grabcad.net:443/artifactory/api/npm/npm-repo/pad-left/-/pad-left-2.1.0.tgz",
      "integrity": "sha1-FuajstRKjhOMsIOMx8tAOk/J6ZQ=",
      "requires": {
        "repeat-string": "^1.5.4"
      }
    },
    "parse-color": {
      "version": "1.0.0",
      "resolved": "https://artifactory6.grabcad.net:443/artifactory/api/npm/npm-repo/parse-color/-/parse-color-1.0.0.tgz",
      "integrity": "sha1-e3SLlag/A/FqlPU15S1/PZRlhhk=",
      "requires": {
        "color-convert": "~0.5.0"
      }
    },
    "primitive-quad": {
      "version": "2.0.0",
      "resolved": "https://artifactory6.grabcad.net:443/artifactory/api/npm/npm-repo/primitive-quad/-/primitive-quad-2.0.0.tgz",
      "integrity": "sha1-wgmT5PlgAjiSa7UA5SkFMEPvius="
    },
    "regl": {
      "version": "1.3.11",
      "resolved": "https://artifactory6.grabcad.net:443/artifactory/api/npm/npm-repo/regl/-/regl-1.3.11.tgz",
      "integrity": "sha1-UV5Rc//cBhj5CN1OM4o0rpVV90U="
    },
    "repeat-string": {
      "version": "1.6.1",
      "resolved": "https://artifactory6.grabcad.net:443/artifactory/api/npm/npm-repo/repeat-string/-/repeat-string-1.6.1.tgz",
      "integrity": "sha1-jcrkcOHIirwtYA//Sndihtp15jc="
    },
    "right-now": {
      "version": "1.0.0",
      "resolved": "https://artifactory6.grabcad.net:443/artifactory/api/npm/npm-repo/right-now/-/right-now-1.0.0.tgz",
      "integrity": "sha1-bolgne69fc2vja7Mmuo5z1haCRg="
    },
    "seed-random": {
      "version": "2.2.0",
      "resolved": "https://artifactory6.grabcad.net:443/artifactory/api/npm/npm-repo/seed-random/-/seed-random-2.2.0.tgz",
      "integrity": "sha1-KpsZ4lCoFwmSMaW5mk2vgLf77VQ="
    },
    "simplex-noise": {
      "version": "2.4.0",
      "resolved": "https://artifactory6.grabcad.net:443/artifactory/api/npm/npm-repo/simplex-noise/-/simplex-noise-2.4.0.tgz",
      "integrity": "sha1-gbNFj7ItzMO8jdmpd8c3l/hvUjo="
    }
  }
}
